
Microsoft Visual Studio Solution File, Format Version 12.00
# Visual Studio Version 16
VisualStudioVersion = 16.0.30406.217
MinimumVisualStudioVersion = 10.0.40219.1
Project("{FAE04EC0-301F-11D3-BF4B-00C04F79EFBC}") = "DonkartAssignment_WebAPI", "DonkartAssignment_WebAPI\DonkartAssignment_WebAPI.csproj", "{B6C2BCF4-3A6D-4467-9FA3-3B19F0810023}"
EndProject
Global
	GlobalSection(SolutionConfigurationPlatforms) = preSolution
		Debug|Any CPU = Debug|Any CPU
		Release|Any CPU = Release|Any CPU
	EndGlobalSection
	GlobalSection(ProjectConfigurationPlatforms) = postSolution
		{B6C2BCF4-3A6D-4467-9FA3-3B19F0810023}.Debug|Any CPU.ActiveCfg = Debug|Any CPU
		{B6C2BCF4-3A6D-4467-9FA3-3B19F0810023}.Debug|Any CPU.Build.0 = Debug|Any CPU
		{B6C2BCF4-3A6D-4467-9FA3-3B19F0810023}.Release|Any CPU.ActiveCfg = Release|Any CPU
		{B6C2BCF4-3A6D-4467-9FA3-3B19F0810023}.Release|Any CPU.Build.0 = Release|Any CPU
	EndGlobalSection
	GlobalSection(SolutionProperties) = preSolution
		HideSolutionNode = FALSE
	EndGlobalSection
	GlobalSection(ExtensibilityGlobals) = postSolution
		SolutionGuid = {B9093A8E-6FF0-4780-BAF3-367FDDCE5787}
	EndGlobalSection
EndGlobal
